
Microsoft Visual Studio Solution File, Format Version 12.00
# Visual Studio Version 16
VisualStudioVersion = 16.0.33130.400
MinimumVisualStudioVersion = 10.0.40219.1
Project("{FAE04EC0-301F-11D3-BF4B-00C04F79EFBC}") = "BookRental.WebApi", "BookRental.WebApi\BookRental.WebApi.csproj", "{95D7E075-83C3-404C-B5E4-DCA357708D67}"
EndProject
Project("{FAE04EC0-301F-11D3-BF4B-00C04F79EFBC}") = "BookRental.DAL", "BookRental.DAL\BookRental.DAL.csproj", "{7DD22A96-ABFD-4DD7-A9DE-CABD826757C1}"
EndProject
Project("{FAE04EC0-301F-11D3-BF4B-00C04F79EFBC}") = "BookRental.Model", "BookRental.Model\BookRental.Model.csproj", "{9C98BE98-CB36-4AED-A1F1-3FDF1C6C8DE5}"
EndProject
Global
	GlobalSection(SolutionConfigurationPlatforms) = preSolution
		Debug|Any CPU = Debug|Any CPU
		Release|Any CPU = Release|Any CPU
	EndGlobalSection
	GlobalSection(ProjectConfigurationPlatforms) = postSolution
		{95D7E075-83C3-404C-B5E4-DCA357708D67}.Debug|Any CPU.ActiveCfg = Debug|Any CPU
		{95D7E075-83C3-404C-B5E4-DCA357708D67}.Debug|Any CPU.Build.0 = Debug|Any CPU
		{95D7E075-83C3-404C-B5E4-DCA357708D67}.Release|Any CPU.ActiveCfg = Release|Any CPU
		{95D7E075-83C3-404C-B5E4-DCA357708D67}.Release|Any CPU.Build.0 = Release|Any CPU
		{7DD22A96-ABFD-4DD7-A9DE-CABD826757C1}.Debug|Any CPU.ActiveCfg = Debug|Any CPU
		{7DD22A96-ABFD-4DD7-A9DE-CABD826757C1}.Debug|Any CPU.Build.0 = Debug|Any CPU
		{7DD22A96-ABFD-4DD7-A9DE-CABD826757C1}.Release|Any CPU.ActiveCfg = Release|Any CPU
		{7DD22A96-ABFD-4DD7-A9DE-CABD826757C1}.Release|Any CPU.Build.0 = Release|Any CPU
		{9C98BE98-CB36-4AED-A1F1-3FDF1C6C8DE5}.Debug|Any CPU.ActiveCfg = Debug|Any CPU
		{9C98BE98-CB36-4AED-A1F1-3FDF1C6C8DE5}.Debug|Any CPU.Build.0 = Debug|Any CPU
		{9C98BE98-CB36-4AED-A1F1-3FDF1C6C8DE5}.Release|Any CPU.ActiveCfg = Release|Any CPU
		{9C98BE98-CB36-4AED-A1F1-3FDF1C6C8DE5}.Release|Any CPU.Build.0 = Release|Any CPU
	EndGlobalSection
	GlobalSection(SolutionProperties) = preSolution
		HideSolutionNode = FALSE
	EndGlobalSection
	GlobalSection(ExtensibilityGlobals) = postSolution
		SolutionGuid = {3CA0E367-4EC9-4077-B89D-9529C0B6C4F5}
	EndGlobalSection
EndGlobal
